{
  "format": 3,
  "dependencies": [
    {
      "name": "godot",
      "version": "0.5.5",
      "members": [
        [
          "/deps/godot/builtin",
          "Color"
        ],
        [
          "/deps/godot/builtin",
          "Color.a8"
        ],
        [
          "/deps/godot/builtin",
          "Color.b8"
        ],
        [
          "/deps/godot/builtin",
          "Color.blend"
        ],
        [
          "/deps/godot/builtin",
          "Color.clamp"
        ],
        [
          "/deps/godot/builtin",
          "Color.darkened"
        ],
        [
          "/deps/godot/builtin",
          "Color.g8"
        ],
        [
          "/deps/godot/builtin",
          "Color.inverted"
        ],
        [
          "/deps/godot/builtin",
          "Color.lerp"
        ],
        [
          "/deps/godot/builtin",
          "Color.lightened"
        ],
        [
          "/deps/godot/builtin",
          "Color.linear_to_srgb"
        ],
        [
          "/deps/godot/builtin",
          "Color.luminance"
        ],
        [
          "/deps/godot/builtin",
          "Color.normalized"
        ],
        [
          "/deps/godot/builtin",
          "Color.r8"
        ],
        [
          "/deps/godot/builtin",
          "Color.set_a8"
        ],
        [
          "/deps/godot/builtin",
          "Color.set_b8"
        ],
        [
          "/deps/godot/builtin",
          "Color.set_g8"
        ],
        [
          "/deps/godot/builtin",
          "Color.set_r8"
        ],
        [
          "/deps/godot/builtin",
          "Color.srgb_to_linear"
        ],
        [
          "/deps/godot/builtin",
          "Color.to_hsv"
        ],
        [
          "/deps/godot/builtin",
          "Color.to_html"
        ],
        [
          "/deps/godot/builtin",
          "Color.to_html_without_alpha"
        ],
        [
          "/deps/godot/builtin",
          "Color.to_u32"
        ],
        [
          "/deps/godot/builtin",
          "Color.to_u64"
        ],
        [
          "/deps/godot/builtin",
          "Color.try_to_hsv"
        ],
        [
          "/deps/godot/builtin",
          "Color.with_alpha"
        ],
        [
          "/deps/godot/builtin",
          "Color::from_hsv"
        ],
        [
          "/deps/godot/builtin",
          "Color::from_html"
        ],
        [
          "/deps/godot/builtin",
          "Color::from_ok_hsl"
        ],
        [
          "/deps/godot/builtin",
          "Color::from_rgb"
        ],
        [
          "/deps/godot/builtin",
          "Color::from_rgba"
        ],
        [
          "/deps/godot/builtin",
          "Color::from_rgba16"
        ],
        [
          "/deps/godot/builtin",
          "Color::from_rgba8"
        ],
        [
          "/deps/godot/builtin",
          "Color::from_rgbe9995"
        ],
        [
          "/deps/godot/builtin",
          "Color::from_u32_rgba"
        ],
        [
          "/deps/godot/builtin",
          "Color::from_u64_rgba"
        ],
        [
          "/deps/godot/builtin",
          "Vector2"
        ],
        [
          "/deps/godot/builtin",
          "Vector2.abs"
        ],
        [
          "/deps/godot/builtin",
          "Vector2.angle"
        ],
        [
          "/deps/godot/builtin",
          "Vector2.angle_to"
        ],
        [
          "/deps/godot/builtin",
          "Vector2.angle_to_point"
        ],
        [
          "/deps/godot/builtin",
          "Vector2.aspect"
        ],
        [
          "/deps/godot/builtin",
          "Vector2.bezier_derivative"
        ],
        [
          "/deps/godot/builtin",
          "Vector2.bezier_interpolate"
        ],
        [
          "/deps/godot/builtin",
          "Vector2.bounce"
        ],
        [
          "/deps/godot/builtin",
          "Vector2.cast_int"
        ],
        [
          "/deps/godot/builtin",
          "Vector2.ceil"
        ],
        [
          "/deps/godot/builtin",
          "Vector2.clamp"
        ],
        [
          "/deps/godot/builtin",
          "Vector2.coord_max"
        ],
        [
          "/deps/godot/builtin",
          "Vector2.coord_min"
        ],
        [
          "/deps/godot/builtin",
          "Vector2.cross"
        ],
        [
          "/deps/godot/builtin",
          "Vector2.cubic_interpolate"
        ],
        [
          "/deps/godot/builtin",
          "Vector2.cubic_interpolate_in_time"
        ],
        [
          "/deps/godot/builtin",
          "Vector2.direction_to"
        ],
        [
          "/deps/godot/builtin",
          "Vector2.distance_squared_to"
        ],
        [
          "/deps/godot/builtin",
          "Vector2.distance_to"
        ],
        [
          "/deps/godot/builtin",
          "Vector2.dot"
        ],
        [
          "/deps/godot/builtin",
          "Vector2.floor"
        ],
        [
          "/deps/godot/builtin",
          "Vector2.is_finite"
        ],
        [
          "/deps/godot/builtin",
          "Vector2.is_normalized"
        ],
        [
          "/deps/godot/builtin",
          "Vector2.is_zero_approx"
        ],
        [
          "/deps/godot/builtin",
          "Vector2.length"
        ],
        [
          "/deps/godot/builtin",
          "Vector2.length_squared"
        ],
        [
          "/deps/godot/builtin",
          "Vector2.lerp"
        ],
        [
          "/deps/godot/builtin",
          "Vector2.limit_length"
        ],
        [
          "/deps/godot/builtin",
          "Vector2.max_axis"
        ],
        [
          "/deps/godot/builtin",
          "Vector2.min_axis"
        ],
        [
          "/deps/godot/builtin",
          "Vector2.move_toward"
        ],
        [
          "/deps/godot/builtin",
          "Vector2.normalized"
        ],
        [
          "/deps/godot/builtin",
          "Vector2.normalized_or_zero"
        ],
        [
          "/deps/godot/builtin",
          "Vector2.orthogonal"
        ],
        [
          "/deps/godot/builtin",
          "Vector2.posmod"
        ],
        [
          "/deps/godot/builtin",
          "Vector2.posmodv"
        ],
        [
          "/deps/godot/builtin",
          "Vector2.project"
        ],
        [
          "/deps/godot/builtin",
          "Vector2.reflect"
        ],
        [
          "/deps/godot/builtin",
          "Vector2.rotated"
        ],
        [
          "/deps/godot/builtin",
          "Vector2.round"
        ],
        [
          "/deps/godot/builtin",
          "Vector2.sign"
        ],
        [
          "/deps/godot/builtin",
          "Vector2.slerp"
        ],
        [
          "/deps/godot/builtin",
          "Vector2.slide"
        ],
        [
          "/deps/godot/builtin",
          "Vector2.snapped"
        ],
        [
          "/deps/godot/builtin",
          "Vector2.to_tuple"
        ],
        [
          "/deps/godot/builtin",
          "Vector2.to_vector2i"
        ],
        [
          "/deps/godot/builtin",
          "Vector2.try_direction_to"
        ],
        [
          "/deps/godot/builtin",
          "Vector2.try_normalized"
        ],
        [
          "/deps/godot/builtin",
          "Vector2::from_angle"
        ],
        [
          "/deps/godot/builtin",
          "Vector2::from_tuple"
        ],
        [
          "/deps/godot/builtin",
          "Vector2::new"
        ],
        [
          "/deps/godot/builtin",
          "Vector2::splat"
        ],
        [
          "/deps/godot/builtin/color",
          "add"
        ],
        [
          "/deps/godot/builtin/color",
          "add_assign"
        ],
        [
          "/deps/godot/builtin/color",
          "approx_eq"
        ],
        [
          "/deps/godot/builtin/color",
          "clone"
        ],
        [
          "/deps/godot/builtin/color",
          "default"
        ],
        [
          "/deps/godot/builtin/color",
          "div"
        ],
        [
          "/deps/godot/builtin/color",
          "div_assign"
        ],
        [
          "/deps/godot/builtin/color",
          "eq"
        ],
        [
          "/deps/godot/builtin/color",
          "extract_if_safe"
        ],
        [
          "/deps/godot/builtin/color",
          "into_dynamic_send"
        ],
        [
          "/deps/godot/builtin/color",
          "into_ffi"
        ],
        [
          "/deps/godot/builtin/color",
          "neg"
        ],
        [
          "/deps/godot/builtin/color",
          "partial_cmp"
        ],
        [
          "/deps/godot/builtin/color",
          "sub"
        ],
        [
          "/deps/godot/builtin/color",
          "sub_assign"
        ],
        [
          "/deps/godot/builtin/color/trait/core/ops/arith/mul",
          "mul"
        ],
        [
          "/deps/godot/builtin/color/trait/core/ops/arith/mul-f32",
          "mul"
        ],
        [
          "/deps/godot/builtin/color/trait/core/ops/arith/mul-godot/builtin/color",
          "mul"
        ],
        [
          "/deps/godot/builtin/color/trait/core/ops/arith/mulassign",
          "mul_assign"
        ],
        [
          "/deps/godot/builtin/color/trait/core/ops/arith/mulassign-f32",
          "mul_assign"
        ],
        [
          "/deps/godot/builtin/vector2",
          "add"
        ],
        [
          "/deps/godot/builtin/vector2",
          "add_assign"
        ],
        [
          "/deps/godot/builtin/vector2",
          "approx_eq"
        ],
        [
          "/deps/godot/builtin/vector2",
          "clone"
        ],
        [
          "/deps/godot/builtin/vector2",
          "default"
        ],
        [
          "/deps/godot/builtin/vector2",
          "eq"
        ],
        [
          "/deps/godot/builtin/vector2",
          "extract_if_safe"
        ],
        [
          "/deps/godot/builtin/vector2",
          "index"
        ],
        [
          "/deps/godot/builtin/vector2",
          "index_mut"
        ],
        [
          "/deps/godot/builtin/vector2",
          "into_dynamic_send"
        ],
        [
          "/deps/godot/builtin/vector2",
          "into_ffi"
        ],
        [
          "/deps/godot/builtin/vector2",
          "neg"
        ],
        [
          "/deps/godot/builtin/vector2",
          "sub"
        ],
        [
          "/deps/godot/builtin/vector2",
          "sub_assign"
        ],
        [
          "/deps/godot/builtin/vector2",
          "xform_inv"
        ],
        [
          "/deps/godot/builtin/vector2/trait/core/iter/traits/accum/product",
          "product"
        ],
        [
          "/deps/godot/builtin/vector2/trait/core/iter/traits/accum/product-a-godot/builtin/vector2",
          "product"
        ],
        [
          "/deps/godot/builtin/vector2/trait/core/iter/traits/accum/sum",
          "sum"
        ],
        [
          "/deps/godot/builtin/vector2/trait/core/iter/traits/accum/sum-a-godot/builtin/vector2",
          "sum"
        ],
        [
          "/deps/godot/builtin/vector2/trait/core/ops/arith/div",
          "div"
        ],
        [
          "/deps/godot/builtin/vector2/trait/core/ops/arith/div-f32",
          "div"
        ],
        [
          "/deps/godot/builtin/vector2/trait/core/ops/arith/divassign",
          "div_assign"
        ],
        [
          "/deps/godot/builtin/vector2/trait/core/ops/arith/divassign-f32",
          "div_assign"
        ],
        [
          "/deps/godot/builtin/vector2/trait/core/ops/arith/mul",
          "mul"
        ],
        [
          "/deps/godot/builtin/vector2/trait/core/ops/arith/mul-f32",
          "mul"
        ],
        [
          "/deps/godot/builtin/vector2/trait/core/ops/arith/mulassign",
          "mul_assign"
        ],
        [
          "/deps/godot/builtin/vector2/trait/core/ops/arith/mulassign-f32",
          "mul_assign"
        ]
      ]
    }
  ],
  "removed": [],
  "cache_identity": "31928898d26fff7b55c41f7bfc27d7fe862805aab173f615995393ddb04029fb",
  "source": "Local",
  "rustdoc_format": 57,
  "projection_schema": "63",
  "content_hash": "21eaf0ec4496ababc440e2d4b1f6f001b96d6006e61945d849889aa5378d1401",
  "resolution": {
    "outcome": "LocalRustdoc",
    "events": [
      {
        "source": "BundledArtifact",
        "status": "Skipped",
        "reason": "bundled projection distribution is deliberately deferred until Terrane has a release artifact channel"
      },
      {
        "source": "PublishedArtifact",
        "status": "Skipped",
        "reason": "`TERRANE_PROJECTION_ARTIFACT_URL` is not configured"
      },
      {
        "source": "LocalRustdoc",
        "status": "Generated",
        "reason": "no reusable exact artifact was available; generated with the pinned local rustdoc toolchain"
      }
    ]
  }
}
