{
  "format": 3,
  "dependencies": [
    {
      "name": "godot",
      "version": "0.5.5",
      "members": []
    }
  ],
  "removed": [],
  "cache_identity": "6bde5ac200e8c2f77683d8edc946372a23c4381300690fa909c44379d1e854b7",
  "source": "Local",
  "rustdoc_format": 57,
  "projection_schema": "45",
  "content_hash": "60ecc677bd5356ac15ab16c86f520077954f2ca8f150d8c561ab0a871f35c0b5",
  "resolution": {
    "outcome": "LocalRustdoc",
    "events": [
      {
        "source": "BundledArtifact",
        "status": "Skipped",
        "reason": "bundled projection distribution is deliberately deferred until Terrane has a release artifact channel"
      },
      {
        "source": "PublishedArtifact",
        "status": "Skipped",
        "reason": "`TERRANE_PROJECTION_ARTIFACT_URL` is not configured"
      },
      {
        "source": "LocalRustdoc",
        "status": "Generated",
        "reason": "no reusable exact artifact was available; generated with the pinned local rustdoc toolchain"
      }
    ]
  }
}
